
Microsoft Visual Studio Solution File, Format Version 12.00
# Visual Studio 15
VisualStudioVersion = 15.0.28307.271
MinimumVisualStudioVersion = 10.0.40219.1
Project("{FAE04EC0-301F-11D3-BF4B-00C04F79EFBC}") = "ReactTranslator", "ReactTranslator\ReactTranslator.csproj", "{49595885-BE6B-49BA-BFF4-F129CA5D6D09}"
EndProject
Project("{FAE04EC0-301F-11D3-BF4B-00C04F79EFBC}") = "Domain", "Domain\Domain.csproj", "{32E6986C-989E-4C61-B8F6-FDD5E7CBC336}"
EndProject
Project("{FAE04EC0-301F-11D3-BF4B-00C04F79EFBC}") = "DataEFCore", "DataEFCore\DataEFCore.csproj", "{497CE941-DF06-40FB-BC49-D698C1649F0B}"
EndProject
Project("{FAE04EC0-301F-11D3-BF4B-00C04F79EFBC}") = "TranslatorLogic", "TranslatorLogic\TranslatorLogic.csproj", "{D2833EA4-292A-4360-9931-7B0EB4E0BD2D}"
EndProject
Global
	GlobalSection(SolutionConfigurationPlatforms) = preSolution
		Debug|Any CPU = Debug|Any CPU
		Release|Any CPU = Release|Any CPU
	EndGlobalSection
	GlobalSection(ProjectConfigurationPlatforms) = postSolution
		{49595885-BE6B-49BA-BFF4-F129CA5D6D09}.Debug|Any CPU.ActiveCfg = Debug|Any CPU
		{49595885-BE6B-49BA-BFF4-F129CA5D6D09}.Debug|Any CPU.Build.0 = Debug|Any CPU
		{49595885-BE6B-49BA-BFF4-F129CA5D6D09}.Release|Any CPU.ActiveCfg = Release|Any CPU
		{49595885-BE6B-49BA-BFF4-F129CA5D6D09}.Release|Any CPU.Build.0 = Release|Any CPU
		{32E6986C-989E-4C61-B8F6-FDD5E7CBC336}.Debug|Any CPU.ActiveCfg = Debug|Any CPU
		{32E6986C-989E-4C61-B8F6-FDD5E7CBC336}.Debug|Any CPU.Build.0 = Debug|Any CPU
		{32E6986C-989E-4C61-B8F6-FDD5E7CBC336}.Release|Any CPU.ActiveCfg = Release|Any CPU
		{32E6986C-989E-4C61-B8F6-FDD5E7CBC336}.Release|Any CPU.Build.0 = Release|Any CPU
		{497CE941-DF06-40FB-BC49-D698C1649F0B}.Debug|Any CPU.ActiveCfg = Debug|Any CPU
		{497CE941-DF06-40FB-BC49-D698C1649F0B}.Debug|Any CPU.Build.0 = Debug|Any CPU
		{497CE941-DF06-40FB-BC49-D698C1649F0B}.Release|Any CPU.ActiveCfg = Release|Any CPU
		{497CE941-DF06-40FB-BC49-D698C1649F0B}.Release|Any CPU.Build.0 = Release|Any CPU
		{D2833EA4-292A-4360-9931-7B0EB4E0BD2D}.Debug|Any CPU.ActiveCfg = Debug|Any CPU
		{D2833EA4-292A-4360-9931-7B0EB4E0BD2D}.Debug|Any CPU.Build.0 = Debug|Any CPU
		{D2833EA4-292A-4360-9931-7B0EB4E0BD2D}.Release|Any CPU.ActiveCfg = Release|Any CPU
		{D2833EA4-292A-4360-9931-7B0EB4E0BD2D}.Release|Any CPU.Build.0 = Release|Any CPU
	EndGlobalSection
	GlobalSection(SolutionProperties) = preSolution
		HideSolutionNode = FALSE
	EndGlobalSection
	GlobalSection(ExtensibilityGlobals) = postSolution
		SolutionGuid = {C0CFF939-46D4-4DC5-BD47-19659B871CB8}
	EndGlobalSection
EndGlobal
